// !$*UTF8*$!
{
	archiveVersion = 1;
	classes = {
	};
	objectVersion = 46;
	objects = {

/* Begin PBXBuildFile section */
		00D89D661ED20F910048B8D7 /* AppDelegate.swift in Sources */ = {isa = PBXBuildFile; fileRef = 00D89D651ED20F910048B8D7 /* AppDelegate.swift */; };
		00D89D681ED20F910048B8D7 /* ViewController.swift in Sources */ = {isa = PBXBuildFile; fileRef = 00D89D671ED20F910048B8D7 /* ViewController.swift */; };
		00D89D6B1ED20F910048B8D7 /* Main.storyboard in Resources */ = {isa = PBXBuildFile; fileRef = 00D89D691ED20F910048B8D7 /* Main.storyboard */; };
		00D89D6D1ED20F910048B8D7 /* Assets.xcassets in Resources */ = {isa = PBXBuildFile; fileRef = 00D89D6C1ED20F910048B8D7 /* Assets.xcassets */; };
		00D89D701ED20F910048B8D7 /* LaunchScreen.storyboard in Resources */ = {isa = PBXBuildFile; fileRef = 00D89D6E1ED20F910048B8D7 /* LaunchScreen.storyboard */; };
		00D89D7B1ED20F910048B8D7 /* SimpleBrowserTests.swift in Sources */ = {isa = PBXBuildFile; fileRef = 00D89D7A1ED20F910048B8D7 /* SimpleBrowserTests.swift */; };
		00D89D861ED20F910048B8D7 /* SimpleBrowserUITests.swift in Sources */ = {isa = PBXBuildFile; fileRef = 00D89D851ED20F910048B8D7 /* SimpleBrowserUITests.swift */; };
/* End PBXBuildFile section */

/* Begin PBXContainerItemProxy section */
		00D89D771ED20F910048B8D7 /* PBXContainerItemProxy */ = {
			isa = PBXContainerItemProxy;
			containerPortal = 00D89D5A1ED20F910048B8D7 /* Project object */;
			proxyType = 1;
			remoteGlobalIDString = 00D89D611ED20F910048B8D7;
			remoteInfo = SimpleBrowser;
		};
		00D89D821ED20F910048B8D7 /* PBXContainerItemProxy */ = {
			isa = PBXContainerItemProxy;
			containerPortal = 00D89D5A1ED20F910048B8D7 /* Project object */;
			proxyType = 1;
			remoteGlobalIDString = 00D89D611ED20F910048B8D7;
			remoteInfo = SimpleBrowser;
		};
/* End PBXContainerItemProxy section */

/* Begin PBXFileReference section */
		00D89D621ED20F910048B8D7 /* SimpleBrowser.app */ = {isa = PBXFileReference; explicitFileType = wrapper.application; includeInIndex = 0; path = SimpleBrowser.app; sourceTree = BUILT_PRODUCTS_DIR; };
		00D89D651ED20F910048B8D7 /* AppDelegate.swift */ = {isa = PBXFileReference; lastKnownFileType = sourcecode.swift; path = AppDelegate.swift; sourceTree = "<group>"; };
		00D89D671ED20F910048B8D7 /* ViewController.swift */ = {isa = PBXFileReference; lastKnownFileType = sourcecode.swift; path = ViewController.swift; sourceTree = "<group>"; };
		00D89D6A1ED20F910048B8D7 /* Base */ = {isa = PBXFileReference; lastKnownFileType = file.storyboard; name = Base; path = Base.lproj/Main.storyboard; sourceTree = "<group>"; };
		00D89D6C1ED20F910048B8D7 /* Assets.xcassets */ = {isa = PBXFileReference; lastKnownFileType = folder.assetcatalog; path = Assets.xcassets; sourceTree = "<group>"; };
		00D89D6F1ED20F910048B8D7 /* Base */ = {isa = PBXFileReference; lastKnownFileType = file.storyboard; name = Base; path = Base.lproj/LaunchScreen.storyboard; sourceTree = "<group>"; };
		00D89D711ED20F910048B8D7 /* Info.plist */ = {isa = PBXFileReference; lastKnownFileType = text.plist.xml; path = Info.plist; sourceTree = "<group>"; };
		00D89D761ED20F910048B8D7 /* SimpleBrowserTests.xctest */ = {isa = PBXFileReference; explicitFileType = wrapper.cfbundle; includeInIndex = 0; path = SimpleBrowserTests.xctest; sourceTree = BUILT_PRODUCTS_DIR; };
		00D89D7A1ED20F910048B8D7 /* SimpleBrowserTests.swift */ = {isa = PBXFileReference; lastKnownFileType = sourcecode.swift; path = SimpleBrowserTests.swift; sourceTree = "<group>"; };
		00D89D7C1ED20F910048B8D7 /* Info.plist */ = {isa = PBXFileReference; lastKnownFileType = text.plist.xml; path = Info.plist; sourceTree = "<group>"; };
		00D89D811ED20F910048B8D7 /* SimpleBrowserUITests.xctest */ = {isa = PBXFileReference; explicitFileType = wrapper.cfbundle; includeInIndex = 0; path = SimpleBrowserUITests.xctest; sourceTree = BUILT_PRODUCTS_DIR; };
		00D89D851ED20F910048B8D7 /* SimpleBrowserUITests.swift */ = {isa = PBXFileReference; lastKnownFileType = sourcecode.swift; path = SimpleBrowserUITests.swift; sourceTree = "<group>"; };
		00D89D871ED20F910048B8D7 /* Info.plist */ = {isa = PBXFileReference; lastKnownFileType = text.plist.xml; path = Info.plist; sourceTree = "<group>"; };
/* End PBXFileReference section */

/* Begin PBXFrameworksBuildPhase section */
		00D89D5F1ED20F910048B8D7 /* Frameworks */ = {
			isa = PBXFrameworksBuildPhase;
			buildActionMask = 2147483647;
			files = (
			);
			runOnlyForDeploymentPostprocessing = 0;
		};
		00D89D731ED20F910048B8D7 /* Frameworks */ = {
			isa = PBXFrameworksBuildPhase;
			buildActionMask = 2147483647;
			files = (
			);
			runOnlyForDeploymentPostprocessing = 0;
		};
		00D89D7E1ED20F910048B8D7 /* Frameworks */ = {
			isa = PBXFrameworksBuildPhase;
			buildActionMask = 2147483647;
			files = (
			);
			runOnlyForDeploymentPostprocessing = 0;
		};
/* End PBXFrameworksBuildPhase section */

/* Begin PBXGroup section */
		00D89D591ED20F910048B8D7 = {
			isa = PBXGroup;
			children = (
				00D89D641ED20F910048B8D7 /* SimpleBrowser */,
				00D89D791ED20F910048B8D7 /* SimpleBrowserTests */,
				00D89D841ED20F910048B8D7 /* SimpleBrowserUITests */,
				00D89D631ED20F910048B8D7 /* Products */,
			);
			sourceTree = "<group>";
		};
		00D89D631ED20F910048B8D7 /* Products */ = {
			isa = PBXGroup;
			children = (
				00D89D621ED20F910048B8D7 /* SimpleBrowser.app */,
				00D89D761ED20F910048B8D7 /* SimpleBrowserTests.xctest */,
				00D89D811ED20F910048B8D7 /* SimpleBrowserUITests.xctest */,
			);
			name = Products;
			sourceTree = "<group>";
		};
		00D89D641ED20F910048B8D7 /* SimpleBrowser */ = {
			isa = PBXGroup;
			children = (
				00D89D651ED20F910048B8D7 /* AppDelegate.swift */,
				00D89D671ED20F910048B8D7 /* ViewController.swift */,
				00D89D691ED20F910048B8D7 /* Main.storyboard */,
				00D89D6C1ED20F910048B8D7 /* Assets.xcassets */,
				00D89D6E1ED20F910048B8D7 /* LaunchScreen.storyboard */,
				00D89D711ED20F910048B8D7 /* Info.plist */,
			);
			path = SimpleBrowser;
			sourceTree = "<group>";
		};
		00D89D791ED20F910048B8D7 /* SimpleBrowserTests */ = {
			isa = PBXGroup;
			children = (
				00D89D7A1ED20F910048B8D7 /* SimpleBrowserTests.swift */,
				00D89D7C1ED20F910048B8D7 /* Info.plist */,
			);
			path = SimpleBrowserTests;
			sourceTree = "<group>";
		};
		00D89D841ED20F910048B8D7 /* SimpleBrowserUITests */ = {
			isa = PBXGroup;
			children = (
				00D89D851ED20F910048B8D7 /* SimpleBrowserUITests.swift */,
				00D89D871ED20F910048B8D7 /* Info.plist */,
			);
			path = SimpleBrowserUITests;
			sourceTree = "<group>";
		};
/* End PBXGroup section */

/* Begin PBXNativeTarget section */
		00D89D611ED20F910048B8D7 /* SimpleBrowser */ = {
			isa = PBXNativeTarget;
			buildConfigurationList = 00D89D8A1ED20F910048B8D7 /* Build configuration list for PBXNativeTarget "SimpleBrowser" */;
			buildPhases = (
				00D89D5E1ED20F910048B8D7 /* Sources */,
				00D89D5F1ED20F910048B8D7 /* Frameworks */,
				00D89D601ED20F910048B8D7 /* Resources */,
			);
			buildRules = (
			);
			dependencies = (
			);
			name = SimpleBrowser;
			productName = SimpleBrowser;
			productReference = 00D89D621ED20F910048B8D7 /* SimpleBrowser.app */;
			productType = "com.apple.product-type.application";
		};
		00D89D751ED20F910048B8D7 /* SimpleBrowserTests */ = {
			isa = PBXNativeTarget;
			buildConfigurationList = 00D89D8D1ED20F910048B8D7 /* Build configuration list for PBXNativeTarget "SimpleBrowserTests" */;
			buildPhases = (
				00D89D721ED20F910048B8D7 /* Sources */,
				00D89D731ED20F910048B8D7 /* Frameworks */,
				00D89D741ED20F910048B8D7 /* Resources */,
			);
			buildRules = (
			);
			dependencies = (
				00D89D781ED20F910048B8D7 /* PBXTargetDependency */,
			);
			name = SimpleBrowserTests;
			productName = SimpleBrowserTests;
			productReference = 00D89D761ED20F910048B8D7 /* SimpleBrowserTests.xctest */;
			productType = "com.apple.product-type.bundle.unit-test";
		};
		00D89D801ED20F910048B8D7 /* SimpleBrowserUITests */ = {
			isa = PBXNativeTarget;
			buildConfigurationList = 00D89D901ED20F910048B8D7 /* Build configuration list for PBXNativeTarget "SimpleBrowserUITests" */;
			buildPhases = (
				00D89D7D1ED20F910048B8D7 /* Sources */,
				00D89D7E1ED20F910048B8D7 /* Frameworks */,
				00D89D7F1ED20F910048B8D7 /* Resources */,
			);
			buildRules = (
			);
			dependencies = (
				00D89D831ED20F910048B8D7 /* PBXTargetDependency */,
			);
			name = SimpleBrowserUITests;
			productName = SimpleBrowserUITests;
			productReference = 00D89D811ED20F910048B8D7 /* SimpleBrowserUITests.xctest */;
			productType = "com.apple.product-type.bundle.ui-testing";
		};
/* End PBXNativeTarget section */

/* Begin PBXProject section */
		00D89D5A1ED20F910048B8D7 /* Project object */ = {
			isa = PBXProject;
			attributes = {
				LastSwiftUpdateCheck = 0830;
				LastUpgradeCheck = 0830;
				ORGANIZATIONNAME = "小林理恵";
				TargetAttributes = {
					00D89D611ED20F910048B8D7 = {
						CreatedOnToolsVersion = 8.3.2;
						ProvisioningStyle = Automatic;
					};
					00D89D751ED20F910048B8D7 = {
						CreatedOnToolsVersion = 8.3.2;
						ProvisioningStyle = Automatic;
						TestTargetID = 00D89D611ED20F910048B8D7;
					};
					00D89D801ED20F910048B8D7 = {
						CreatedOnToolsVersion = 8.3.2;
						ProvisioningStyle = Automatic;
						TestTargetID = 00D89D611ED20F910048B8D7;
					};
				};
			};
			buildConfigurationList = 00D89D5D1ED20F910048B8D7 /* Build configuration list for PBXProject "SimpleBrowser" */;
			compatibilityVersion = "Xcode 3.2";
			developmentRegion = English;
			hasScannedForEncodings = 0;
			knownRegions = (
				en,
				Base,
			);
			mainGroup = 00D89D591ED20F910048B8D7;
			productRefGroup = 00D89D631ED20F910048B8D7 /* Products */;
			projectDirPath = "";
			projectRoot = "";
			targets = (
				00D89D611ED20F910048B8D7 /* SimpleBrowser */,
				00D89D751ED20F910048B8D7 /* SimpleBrowserTests */,
				00D89D801ED20F910048B8D7 /* SimpleBrowserUITests */,
			);
		};
/* End PBXProject section */

/* Begin PBXResourcesBuildPhase section */
		00D89D601ED20F910048B8D7 /* Resources */ = {
			isa = PBXResourcesBuildPhase;
			buildActionMask = 2147483647;
			files = (
				00D89D701ED20F910048B8D7 /* LaunchScreen.storyboard in Resources */,
				00D89D6D1ED20F910048B8D7 /* Assets.xcassets in Resources */,
				00D89D6B1ED20F910048B8D7 /* Main.storyboard in Resources */,
			);
			runOnlyForDeploymentPostprocessing = 0;
		};
		00D89D741ED20F910048B8D7 /* Resources */ = {
			isa = PBXResourcesBuildPhase;
			buildActionMask = 2147483647;
			files = (
			);
			runOnlyForDeploymentPostprocessing = 0;
		};
		00D89D7F1ED20F910048B8D7 /* Resources */ = {
			isa = PBXResourcesBuildPhase;
			buildActionMask = 2147483647;
			files = (
			);
			runOnlyForDeploymentPostprocessing = 0;
		};
/* End PBXResourcesBuildPhase section */

/* Begin PBXSourcesBuildPhase section */
		00D89D5E1ED20F910048B8D7 /* Sources */ = {
			isa = PBXSourcesBuildPhase;
			buildActionMask = 2147483647;
			files = (
				00D89D681ED20F910048B8D7 /* ViewController.swift in Sources */,
				00D89D661ED20F910048B8D7 /* AppDelegate.swift in Sources */,
			);
			runOnlyForDeploymentPostprocessing = 0;
		};
		00D89D721ED20F910048B8D7 /* Sources */ = {
			isa = PBXSourcesBuildPhase;
			buildActionMask = 2147483647;
			files = (
				00D89D7B1ED20F910048B8D7 /* SimpleBrowserTests.swift in Sources */,
			);
			runOnlyForDeploymentPostprocessing = 0;
		};
		00D89D7D1ED20F910048B8D7 /* Sources */ = {
			isa = PBXSourcesBuildPhase;
			buildActionMask = 2147483647;
			files = (
				00D89D861ED20F910048B8D7 /* SimpleBrowserUITests.swift in Sources */,
			);
			runOnlyForDeploymentPostprocessing = 0;
		};
/* End PBXSourcesBuildPhase section */

/* Begin PBXTargetDependency section */
		00D89D781ED20F910048B8D7 /* PBXTargetDependency */ = {
			isa = PBXTargetDependency;
			target = 00D89D611ED20F910048B8D7 /* SimpleBrowser */;
			targetProxy = 00D89D771ED20F910048B8D7 /* PBXContainerItemProxy */;
		};
		00D89D831ED20F910048B8D7 /* PBXTargetDependency */ = {
			isa = PBXTargetDependency;
			target = 00D89D611ED20F910048B8D7 /* SimpleBrowser */;
			targetProxy = 00D89D821ED20F910048B8D7 /* PBXContainerItemProxy */;
		};
/* End PBXTargetDependency section */

/* Begin PBXVariantGroup section */
		00D89D691ED20F910048B8D7 /* Main.storyboard */ = {
			isa = PBXVariantGroup;
			children = (
				00D89D6A1ED20F910048B8D7 /* Base */,
			);
			name = Main.storyboard;
			sourceTree = "<group>";
		};
		00D89D6E1ED20F910048B8D7 /* LaunchScreen.storyboard */ = {
			isa = PBXVariantGroup;
			children = (
				00D89D6F1ED20F910048B8D7 /* Base */,
			);
			name = LaunchScreen.storyboard;
			sourceTree = "<group>";
		};
/* End PBXVariantGroup section */

/* Begin XCBuildConfiguration section */
		00D89D881ED20F910048B8D7 /* Debug */ = {
			isa = XCBuildConfiguration;
			buildSettings = {
				ALWAYS_SEARCH_USER_PATHS = NO;
				CLANG_ANALYZER_NONNULL = YES;
				CLANG_ANALYZER_NUMBER_OBJECT_CONVERSION = YES_AGGRESSIVE;
				CLANG_CXX_LANGUAGE_STANDARD = "gnu++0x";
				CLANG_CXX_LIBRARY = "libc++";
				CLANG_ENABLE_MODULES = YES;
				CLANG_ENABLE_OBJC_ARC = YES;
				CLANG_WARN_BOOL_CONVERSION = YES;
				CLANG_WARN_CONSTANT_CONVERSION = YES;
				CLANG_WARN_DIRECT_OBJC_ISA_USAGE = YES_ERROR;
				CLANG_WARN_DOCUMENTATION_COMMENTS = YES;
				CLANG_WARN_EMPTY_BODY = YES;
				CLANG_WARN_ENUM_CONVERSION = YES;
				CLANG_WARN_INFINITE_RECURSION = YES;
				CLANG_WARN_INT_CONVERSION = YES;
				CLANG_WARN_OBJC_ROOT_CLASS = YES_ERROR;
				CLANG_WARN_SUSPICIOUS_MOVE = YES;
				CLANG_WARN_UNREACHABLE_CODE = YES;
				CLANG_WARN__DUPLICATE_METHOD_MATCH = YES;
				"CODE_SIGN_IDENTITY[sdk=iphoneos*]" = "iPhone Developer";
				COPY_PHASE_STRIP = NO;
				DEBUG_INFORMATION_FORMAT = dwarf;
				ENABLE_STRICT_OBJC_MSGSEND = YES;
				ENABLE_TESTABILITY = YES;
				GCC_C_LANGUAGE_STANDARD = gnu99;
				GCC_DYNAMIC_NO_PIC = NO;
				GCC_NO_COMMON_BLOCKS = YES;
				GCC_OPTIMIZATION_LEVEL = 0;
				GCC_PREPROCESSOR_DEFINITIONS = (
					"DEBUG=1",
					"$(inherited)",
				);
				GCC_WARN_64_TO_32_BIT_CONVERSION = YES;
				GCC_WARN_ABOUT_RETURN_TYPE = YES_ERROR;
				GCC_WARN_UNDECLARED_SELECTOR = YES;
				GCC_WARN_UNINITIALIZED_AUTOS = YES_AGGRESSIVE;
				GCC_WARN_UNUSED_FUNCTION = YES;
				GCC_WARN_UNUSED_VARIABLE = YES;
				IPHONEOS_DEPLOYMENT_TARGET = 10.3;
				MTL_ENABLE_DEBUG_INFO = YES;
				ONLY_ACTIVE_ARCH = YES;
				SDKROOT = iphoneos;
				SWIFT_ACTIVE_COMPILATION_CONDITIONS = DEBUG;
				SWIFT_OPTIMIZATION_LEVEL = "-Onone";
				TARGETED_DEVICE_FAMILY = "1,2";
			};
			name = Debug;
		};
		00D89D891ED20F910048B8D7 /* Release */ = {
			isa = XCBuildConfiguration;
			buildSettings = {
				ALWAYS_SEARCH_USER_PATHS = NO;
				CLANG_ANALYZER_NONNULL = YES;
				CLANG_ANALYZER_NUMBER_OBJECT_CONVERSION = YES_AGGRESSIVE;
				CLANG_CXX_LANGUAGE_STANDARD = "gnu++0x";
				CLANG_CXX_LIBRARY = "libc++";
				CLANG_ENABLE_MODULES = YES;
				CLANG_ENABLE_OBJC_ARC = YES;
				CLANG_WARN_BOOL_CONVERSION = YES;
				CLANG_WARN_CONSTANT_CONVERSION = YES;
				CLANG_WARN_DIRECT_OBJC_ISA_USAGE = YES_ERROR;
				CLANG_WARN_DOCUMENTATION_COMMENTS = YES;
				CLANG_WARN_EMPTY_BODY = YES;
				CLANG_WARN_ENUM_CONVERSION = YES;
				CLANG_WARN_INFINITE_RECURSION = YES;
				CLANG_WARN_INT_CONVERSION = YES;
				CLANG_WARN_OBJC_ROOT_CLASS = YES_ERROR;
				CLANG_WARN_SUSPICIOUS_MOVE = YES;
				CLANG_WARN_UNREACHABLE_CODE = YES;
				CLANG_WARN__DUPLICATE_METHOD_MATCH = YES;
				"CODE_SIGN_IDENTITY[sdk=iphoneos*]" = "iPhone Developer";
				COPY_PHASE_STRIP = NO;
				DEBUG_INFORMATION_FORMAT = "dwarf-with-dsym";
				ENABLE_NS_ASSERTIONS = NO;
				ENABLE_STRICT_OBJC_MSGSEND = YES;
				GCC_C_LANGUAGE_STANDARD = gnu99;
				GCC_NO_COMMON_BLOCKS = YES;
				GCC_WARN_64_TO_32_BIT_CONVERSION = YES;
				GCC_WARN_ABOUT_RETURN_TYPE = YES_ERROR;
				GCC_WARN_UNDECLARED_SELECTOR = YES;
				GCC_WARN_UNINITIALIZED_AUTOS = YES_AGGRESSIVE;
				GCC_WARN_UNUSED_FUNCTION = YES;
				GCC_WARN_UNUSED_VARIABLE = YES;
				IPHONEOS_DEPLOYMENT_TARGET = 10.3;
				MTL_ENABLE_DEBUG_INFO = NO;
				SDKROOT = iphoneos;
				SWIFT_OPTIMIZATION_LEVEL = "-Owholemodule";
				TARGETED_DEVICE_FAMILY = "1,2";
				VALIDATE_PRODUCT = YES;
			};
			name = Release;
		};
		00D89D8B1ED20F910048B8D7 /* Debug */ = {
			isa = XCBuildConfiguration;
			buildSettings = {
				ASSETCATALOG_COMPILER_APPICON_NAME = AppIcon;
				INFOPLIST_FILE = SimpleBrowser/Info.plist;
				LD_RUNPATH_SEARCH_PATHS = "$(inherited) @executable_path/Frameworks";
				PRODUCT_BUNDLE_IDENTIFIER = edu.self.SimpleBrowser;
				PRODUCT_NAME = "$(TARGET_NAME)";
				SWIFT_VERSION = 3.0;
			};
			name = Debug;
		};
		00D89D8C1ED20F910048B8D7 /* Release */ = {
			isa = XCBuildConfiguration;
			buildSettings = {
				ASSETCATALOG_COMPILER_APPICON_NAME = AppIcon;
				INFOPLIST_FILE = SimpleBrowser/Info.plist;
				LD_RUNPATH_SEARCH_PATHS = "$(inherited) @executable_path/Frameworks";
				PRODUCT_BUNDLE_IDENTIFIER = edu.self.SimpleBrowser;
				PRODUCT_NAME = "$(TARGET_NAME)";
				SWIFT_VERSION = 3.0;
			};
			name = Release;
		};
		00D89D8E1ED20F910048B8D7 /* Debug */ = {
			isa = XCBuildConfiguration;
			buildSettings = {
				ALWAYS_EMBED_SWIFT_STANDARD_LIBRARIES = YES;
				BUNDLE_LOADER = "$(TEST_HOST)";
				INFOPLIST_FILE = SimpleBrowserTests/Info.plist;
				LD_RUNPATH_SEARCH_PATHS = "$(inherited) @executable_path/Frameworks @loader_path/Frameworks";
				PRODUCT_BUNDLE_IDENTIFIER = edu.self.SimpleBrowserTests;
				PRODUCT_NAME = "$(TARGET_NAME)";
				SWIFT_VERSION = 3.0;
				TEST_HOST = "$(BUILT_PRODUCTS_DIR)/SimpleBrowser.app/SimpleBrowser";
			};
			name = Debug;
		};
		00D89D8F1ED20F910048B8D7 /* Release */ = {
			isa = XCBuildConfiguration;
			buildSettings = {
				ALWAYS_EMBED_SWIFT_STANDARD_LIBRARIES = YES;
				BUNDLE_LOADER = "$(TEST_HOST)";
				INFOPLIST_FILE = SimpleBrowserTests/Info.plist;
				LD_RUNPATH_SEARCH_PATHS = "$(inherited) @executable_path/Frameworks @loader_path/Frameworks";
				PRODUCT_BUNDLE_IDENTIFIER = edu.self.SimpleBrowserTests;
				PRODUCT_NAME = "$(TARGET_NAME)";
				SWIFT_VERSION = 3.0;
				TEST_HOST = "$(BUILT_PRODUCTS_DIR)/SimpleBrowser.app/SimpleBrowser";
			};
			name = Release;
		};
		00D89D911ED20F910048B8D7 /* Debug */ = {
			isa = XCBuildConfiguration;
			buildSettings = {
				ALWAYS_EMBED_SWIFT_STANDARD_LIBRARIES = YES;
				INFOPLIST_FILE = SimpleBrowserUITests/Info.plist;
				LD_RUNPATH_SEARCH_PATHS = "$(inherited) @executable_path/Frameworks @loader_path/Frameworks";
				PRODUCT_BUNDLE_IDENTIFIER = edu.self.SimpleBrowserUITests;
				PRODUCT_NAME = "$(TARGET_NAME)";
				SWIFT_VERSION = 3.0;
				TEST_TARGET_NAME = SimpleBrowser;
			};
			name = Debug;
		};
		00D89D921ED20F910048B8D7 /* Release */ = {
			isa = XCBuildConfiguration;
			buildSettings = {
				ALWAYS_EMBED_SWIFT_STANDARD_LIBRARIES = YES;
				INFOPLIST_FILE = SimpleBrowserUITests/Info.plist;
				LD_RUNPATH_SEARCH_PATHS = "$(inherited) @executable_path/Frameworks @loader_path/Frameworks";
				PRODUCT_BUNDLE_IDENTIFIER = edu.self.SimpleBrowserUITests;
				PRODUCT_NAME = "$(TARGET_NAME)";
				SWIFT_VERSION = 3.0;
				TEST_TARGET_NAME = SimpleBrowser;
			};
			name = Release;
		};
/* End XCBuildConfiguration section */

/* Begin XCConfigurationList section */
		00D89D5D1ED20F910048B8D7 /* Build configuration list for PBXProject "SimpleBrowser" */ = {
			isa = XCConfigurationList;
			buildConfigurations = (
				00D89D881ED20F910048B8D7 /* Debug */,
				00D89D891ED20F910048B8D7 /* Release */,
			);
			defaultConfigurationIsVisible = 0;
			defaultConfigurationName = Release;
		};
		00D89D8A1ED20F910048B8D7 /* Build configuration list for PBXNativeTarget "SimpleBrowser" */ = {
			isa = XCConfigurationList;
			buildConfigurations = (
				00D89D8B1ED20F910048B8D7 /* Debug */,
				00D89D8C1ED20F910048B8D7 /* Release */,
			);
			defaultConfigurationIsVisible = 0;
		};
		00D89D8D1ED20F910048B8D7 /* Build configuration list for PBXNativeTarget "SimpleBrowserTests" */ = {
			isa = XCConfigurationList;
			buildConfigurations = (
				00D89D8E1ED20F910048B8D7 /* Debug */,
				00D89D8F1ED20F910048B8D7 /* Release */,
			);
			defaultConfigurationIsVisible = 0;
		};
		00D89D901ED20F910048B8D7 /* Build configuration list for PBXNativeTarget "SimpleBrowserUITests" */ = {
			isa = XCConfigurationList;
			buildConfigurations = (
				00D89D911ED20F910048B8D7 /* Debug */,
				00D89D921ED20F910048B8D7 /* Release */,
			);
			defaultConfigurationIsVisible = 0;
		};
/* End XCConfigurationList section */
	};
	rootObject = 00D89D5A1ED20F910048B8D7 /* Project object */;
}
